
Microsoft Visual Studio Solution File, Format Version 12.00
# Visual Studio Version 16
VisualStudioVersion = 16.0.31129.286
MinimumVisualStudioVersion = 10.0.40219.1
Project("{FAE04EC0-301F-11D3-BF4B-00C04F79EFBC}") = "ComPortV2", "ComPortV2\ComPortV2.csproj", "{D0AD5101-D265-498E-AEAB-081A628DA036}"
EndProject
Global
	GlobalSection(SolutionConfigurationPlatforms) = preSolution
		Debug|Any CPU = Debug|Any CPU
		Release|Any CPU = Release|Any CPU
	EndGlobalSection
	GlobalSection(ProjectConfigurationPlatforms) = postSolution
		{D0AD5101-D265-498E-AEAB-081A628DA036}.Debug|Any CPU.ActiveCfg = Debug|Any CPU
		{D0AD5101-D265-498E-AEAB-081A628DA036}.Debug|Any CPU.Build.0 = Debug|Any CPU
		{D0AD5101-D265-498E-AEAB-081A628DA036}.Release|Any CPU.ActiveCfg = Release|Any CPU
		{D0AD5101-D265-498E-AEAB-081A628DA036}.Release|Any CPU.Build.0 = Release|Any CPU
	EndGlobalSection
	GlobalSection(SolutionProperties) = preSolution
		HideSolutionNode = FALSE
	EndGlobalSection
	GlobalSection(ExtensibilityGlobals) = postSolution
		SolutionGuid = {FB490EF8-1F57-4BB1-A653-91156ABB96A4}
	EndGlobalSection
EndGlobal
